{
  "name": "dev-guide-fonts",
  "version": "1.0.0",
  "lockfileVersion": 1,
  "requires": true,
  "dependencies": {
    "@fontsource/nunito-sans": {
      "version": "4.5.8",
      "resolved": "https://registry.npmjs.org/@fontsource/nunito-sans/-/nunito-sans-4.5.8.tgz",
      "integrity": "sha512-a725clWrshbo8nNGraAiX+DdI684JTUAMqcdBIldvbFVccWSjGzIJC6q7lXSEtsAGaEm/4h2FeMhgs4tS6UZEw=="
    },
    "@fontsource/roboto-mono": {
      "version": "4.5.1",
      "resolved": "https://registry.npmjs.org/@fontsource/roboto-mono/-/roboto-mono-4.5.1.tgz",
      "integrity": "sha512-uP/GMF9N2XaxrB9flM1LiZUdcrG/3YdYpGJddY2d7rvsqqitZ8fWBckbdW717WMty4V96N+k1EArilYwQOvN3A=="
    }
  }
}
