{
  "name": "dev-guide-fonts",
  "version": "1.0.0",
  "lockfileVersion": 1,
  "requires": true,
  "dependencies": {
    "@fontsource/roboto": {
      "version": "4.5.2",
      "resolved": "https://registry.npmjs.org/@fontsource/roboto/-/roboto-4.5.2.tgz",
      "integrity": "sha512-KkMqloXIM64EvaVPOqC5Mkms0qdOWvx4nRvQBIMCoG0GGsDa8tFfNwhyowHeR9k09P0LuT5u09d29Y21JhaA6Q=="
    },
    "@fontsource/roboto-mono": {
      "version": "4.5.1",
      "resolved": "https://registry.npmjs.org/@fontsource/roboto-mono/-/roboto-mono-4.5.1.tgz",
      "integrity": "sha512-uP/GMF9N2XaxrB9flM1LiZUdcrG/3YdYpGJddY2d7rvsqqitZ8fWBckbdW717WMty4V96N+k1EArilYwQOvN3A=="
    }
  }
}
